
Microsoft Visual Studio Solution File, Format Version 12.00
# Visual Studio Version 16
VisualStudioVersion = 16.0.29324.140
MinimumVisualStudioVersion = 15.0.26124.0
Project("{9A19103F-16F7-4668-BE54-9A1E7A4F7556}") = "SimplBlazor.Api", "SimplBlazor.Api\SimplBlazor.Api.csproj", "{4D15C5C3-3AFC-4FAA-9E3C-11D65127802C}"
EndProject
Project("{9A19103F-16F7-4668-BE54-9A1E7A4F7556}") = "SimplBlazor.Client", "SimplBlazor.Client\SimplBlazor.Client.csproj", "{4452545A-E74A-48F3-A56C-1F84E8F48097}"
EndProject
Project("{9A19103F-16F7-4668-BE54-9A1E7A4F7556}") = "SimplBlazor.Shared", "SimplBlazor.Shared\SimplBlazor.Shared.csproj", "{813DD0F1-5E45-4E69-A937-382E25B2B663}"
EndProject
Global
	GlobalSection(SolutionConfigurationPlatforms) = preSolution
		Debug|Any CPU = Debug|Any CPU
		Debug|x64 = Debug|x64
		Debug|x86 = Debug|x86
		Release|Any CPU = Release|Any CPU
		Release|x64 = Release|x64
		Release|x86 = Release|x86
	EndGlobalSection
	GlobalSection(ProjectConfigurationPlatforms) = postSolution
		{4D15C5C3-3AFC-4FAA-9E3C-11D65127802C}.Debug|Any CPU.ActiveCfg = Debug|Any CPU
		{4D15C5C3-3AFC-4FAA-9E3C-11D65127802C}.Debug|Any CPU.Build.0 = Debug|Any CPU
		{4D15C5C3-3AFC-4FAA-9E3C-11D65127802C}.Debug|x64.ActiveCfg = Debug|Any CPU
		{4D15C5C3-3AFC-4FAA-9E3C-11D65127802C}.Debug|x64.Build.0 = Debug|Any CPU
		{4D15C5C3-3AFC-4FAA-9E3C-11D65127802C}.Debug|x86.ActiveCfg = Debug|Any CPU
		{4D15C5C3-3AFC-4FAA-9E3C-11D65127802C}.Debug|x86.Build.0 = Debug|Any CPU
		{4D15C5C3-3AFC-4FAA-9E3C-11D65127802C}.Release|Any CPU.ActiveCfg = Release|Any CPU
		{4D15C5C3-3AFC-4FAA-9E3C-11D65127802C}.Release|Any CPU.Build.0 = Release|Any CPU
		{4D15C5C3-3AFC-4FAA-9E3C-11D65127802C}.Release|x64.ActiveCfg = Release|Any CPU
		{4D15C5C3-3AFC-4FAA-9E3C-11D65127802C}.Release|x64.Build.0 = Release|Any CPU
		{4D15C5C3-3AFC-4FAA-9E3C-11D65127802C}.Release|x86.ActiveCfg = Release|Any CPU
		{4D15C5C3-3AFC-4FAA-9E3C-11D65127802C}.Release|x86.Build.0 = Release|Any CPU
		{4452545A-E74A-48F3-A56C-1F84E8F48097}.Debug|Any CPU.ActiveCfg = Debug|Any CPU
		{4452545A-E74A-48F3-A56C-1F84E8F48097}.Debug|Any CPU.Build.0 = Debug|Any CPU
		{4452545A-E74A-48F3-A56C-1F84E8F48097}.Debug|x64.ActiveCfg = Debug|Any CPU
		{4452545A-E74A-48F3-A56C-1F84E8F48097}.Debug|x64.Build.0 = Debug|Any CPU
		{4452545A-E74A-48F3-A56C-1F84E8F48097}.Debug|x86.ActiveCfg = Debug|Any CPU
		{4452545A-E74A-48F3-A56C-1F84E8F48097}.Debug|x86.Build.0 = Debug|Any CPU
		{4452545A-E74A-48F3-A56C-1F84E8F48097}.Release|Any CPU.ActiveCfg = Release|Any CPU
		{4452545A-E74A-48F3-A56C-1F84E8F48097}.Release|Any CPU.Build.0 = Release|Any CPU
		{4452545A-E74A-48F3-A56C-1F84E8F48097}.Release|x64.ActiveCfg = Release|Any CPU
		{4452545A-E74A-48F3-A56C-1F84E8F48097}.Release|x64.Build.0 = Release|Any CPU
		{4452545A-E74A-48F3-A56C-1F84E8F48097}.Release|x86.ActiveCfg = Release|Any CPU
		{4452545A-E74A-48F3-A56C-1F84E8F48097}.Release|x86.Build.0 = Release|Any CPU
		{813DD0F1-5E45-4E69-A937-382E25B2B663}.Debug|Any CPU.ActiveCfg = Debug|Any CPU
		{813DD0F1-5E45-4E69-A937-382E25B2B663}.Debug|Any CPU.Build.0 = Debug|Any CPU
		{813DD0F1-5E45-4E69-A937-382E25B2B663}.Debug|x64.ActiveCfg = Debug|Any CPU
		{813DD0F1-5E45-4E69-A937-382E25B2B663}.Debug|x64.Build.0 = Debug|Any CPU
		{813DD0F1-5E45-4E69-A937-382E25B2B663}.Debug|x86.ActiveCfg = Debug|Any CPU
		{813DD0F1-5E45-4E69-A937-382E25B2B663}.Debug|x86.Build.0 = Debug|Any CPU
		{813DD0F1-5E45-4E69-A937-382E25B2B663}.Release|Any CPU.ActiveCfg = Release|Any CPU
		{813DD0F1-5E45-4E69-A937-382E25B2B663}.Release|Any CPU.Build.0 = Release|Any CPU
		{813DD0F1-5E45-4E69-A937-382E25B2B663}.Release|x64.ActiveCfg = Release|Any CPU
		{813DD0F1-5E45-4E69-A937-382E25B2B663}.Release|x64.Build.0 = Release|Any CPU
		{813DD0F1-5E45-4E69-A937-382E25B2B663}.Release|x86.ActiveCfg = Release|Any CPU
		{813DD0F1-5E45-4E69-A937-382E25B2B663}.Release|x86.Build.0 = Release|Any CPU
	EndGlobalSection
	GlobalSection(SolutionProperties) = preSolution
		HideSolutionNode = FALSE
	EndGlobalSection
	GlobalSection(ExtensibilityGlobals) = postSolution
		SolutionGuid = {21975BE3-14B4-4139-B338-DFCBDD2C9606}
	EndGlobalSection
EndGlobal
